
Microsoft Visual Studio Solution File, Format Version 12.00
# Visual Studio Version 17
VisualStudioVersion = 17.7.34024.191
MinimumVisualStudioVersion = 10.0.40219.1
Project("{9A19103F-16F7-4668-BE54-9A1E7A4F7556}") = "Inf04", "Arkusz_or_something\Inf04.csproj", "{049841B9-1CAE-4B84-A841-363962D4417D}"
EndProject
Global
	GlobalSection(SolutionConfigurationPlatforms) = preSolution
		Debug|Any CPU = Debug|Any CPU
		Release|Any CPU = Release|Any CPU
	EndGlobalSection
	GlobalSection(ProjectConfigurationPlatforms) = postSolution
		{049841B9-1CAE-4B84-A841-363962D4417D}.Debug|Any CPU.ActiveCfg = Debug|Any CPU
		{049841B9-1CAE-4B84-A841-363962D4417D}.Debug|Any CPU.Build.0 = Debug|Any CPU
		{049841B9-1CAE-4B84-A841-363962D4417D}.Release|Any CPU.ActiveCfg = Release|Any CPU
		{049841B9-1CAE-4B84-A841-363962D4417D}.Release|Any CPU.Build.0 = Release|Any CPU
	EndGlobalSection
	GlobalSection(SolutionProperties) = preSolution
		HideSolutionNode = FALSE
	EndGlobalSection
	GlobalSection(ExtensibilityGlobals) = postSolution
		SolutionGuid = {B5290AF1-A47B-4318-BD8B-29F4592E2864}
	EndGlobalSection
EndGlobal
